
Microsoft Visual Studio Solution File, Format Version 12.00
# Visual Studio Version 16
VisualStudioVersion = 16.0.31515.178
MinimumVisualStudioVersion = 10.0.40219.1
Project("{8BC9CEB8-8B4A-11D0-8D11-00A0C91BC942}") = "GDGRAPX_Museum", "GDGRAPX_Museum.vcxproj", "{4727114F-9389-48ED-9D84-3D119C3AB9D3}"
EndProject
Global
	GlobalSection(SolutionConfigurationPlatforms) = preSolution
		Debug|x64 = Debug|x64
		Debug|x86 = Debug|x86
		Release|x64 = Release|x64
		Release|x86 = Release|x86
	EndGlobalSection
	GlobalSection(ProjectConfigurationPlatforms) = postSolution
		{4727114F-9389-48ED-9D84-3D119C3AB9D3}.Debug|x64.ActiveCfg = Debug|x64
		{4727114F-9389-48ED-9D84-3D119C3AB9D3}.Debug|x64.Build.0 = Debug|x64
		{4727114F-9389-48ED-9D84-3D119C3AB9D3}.Debug|x86.ActiveCfg = Debug|Win32
		{4727114F-9389-48ED-9D84-3D119C3AB9D3}.Debug|x86.Build.0 = Debug|Win32
		{4727114F-9389-48ED-9D84-3D119C3AB9D3}.Release|x64.ActiveCfg = Release|x64
		{4727114F-9389-48ED-9D84-3D119C3AB9D3}.Release|x64.Build.0 = Release|x64
		{4727114F-9389-48ED-9D84-3D119C3AB9D3}.Release|x86.ActiveCfg = Release|Win32
		{4727114F-9389-48ED-9D84-3D119C3AB9D3}.Release|x86.Build.0 = Release|Win32
	EndGlobalSection
	GlobalSection(SolutionProperties) = preSolution
		HideSolutionNode = FALSE
	EndGlobalSection
	GlobalSection(ExtensibilityGlobals) = postSolution
		SolutionGuid = {147A13BB-3A44-4547-8315-051D9D6D18EB}
	EndGlobalSection
EndGlobal
